
Microsoft Visual Studio Solution File, Format Version 12.00
# Visual Studio Version 17
VisualStudioVersion = 17.14.36127.28
MinimumVisualStudioVersion = 10.0.40219.1
Project("{FAE04EC0-301F-11D3-BF4B-00C04F79EFBC}") = "Models", "Models\Models.csproj", "{EA8282B8-3C99-4B15-BD1B-91B4B4D12F74}"
EndProject
Project("{FAE04EC0-301F-11D3-BF4B-00C04F79EFBC}") = "Repositories", "Repositories\Repositories.csproj", "{C13AB764-6DBB-4572-8161-FF2C13453638}"
EndProject
Project("{FAE04EC0-301F-11D3-BF4B-00C04F79EFBC}") = "Services", "Services\Services.csproj", "{9567A99F-5FF9-4F8B-ABDE-9DA92017DC8F}"
EndProject
Project("{FAE04EC0-301F-11D3-BF4B-00C04F79EFBC}") = "RazorPage", "RazorPage\RazorPage.csproj", "{1B455359-FC1E-45BF-9852-027EA6484AC3}"
EndProject
Global
	GlobalSection(SolutionConfigurationPlatforms) = preSolution
		Debug|Any CPU = Debug|Any CPU
		Release|Any CPU = Release|Any CPU
	EndGlobalSection
	GlobalSection(ProjectConfigurationPlatforms) = postSolution
		{EA8282B8-3C99-4B15-BD1B-91B4B4D12F74}.Debug|Any CPU.ActiveCfg = Debug|Any CPU
		{EA8282B8-3C99-4B15-BD1B-91B4B4D12F74}.Debug|Any CPU.Build.0 = Debug|Any CPU
		{EA8282B8-3C99-4B15-BD1B-91B4B4D12F74}.Release|Any CPU.ActiveCfg = Release|Any CPU
		{EA8282B8-3C99-4B15-BD1B-91B4B4D12F74}.Release|Any CPU.Build.0 = Release|Any CPU
		{C13AB764-6DBB-4572-8161-FF2C13453638}.Debug|Any CPU.ActiveCfg = Debug|Any CPU
		{C13AB764-6DBB-4572-8161-FF2C13453638}.Debug|Any CPU.Build.0 = Debug|Any CPU
		{C13AB764-6DBB-4572-8161-FF2C13453638}.Release|Any CPU.ActiveCfg = Release|Any CPU
		{C13AB764-6DBB-4572-8161-FF2C13453638}.Release|Any CPU.Build.0 = Release|Any CPU
		{9567A99F-5FF9-4F8B-ABDE-9DA92017DC8F}.Debug|Any CPU.ActiveCfg = Debug|Any CPU
		{9567A99F-5FF9-4F8B-ABDE-9DA92017DC8F}.Debug|Any CPU.Build.0 = Debug|Any CPU
		{9567A99F-5FF9-4F8B-ABDE-9DA92017DC8F}.Release|Any CPU.ActiveCfg = Release|Any CPU
		{9567A99F-5FF9-4F8B-ABDE-9DA92017DC8F}.Release|Any CPU.Build.0 = Release|Any CPU
		{1B455359-FC1E-45BF-9852-027EA6484AC3}.Debug|Any CPU.ActiveCfg = Debug|Any CPU
		{1B455359-FC1E-45BF-9852-027EA6484AC3}.Debug|Any CPU.Build.0 = Debug|Any CPU
		{1B455359-FC1E-45BF-9852-027EA6484AC3}.Release|Any CPU.ActiveCfg = Release|Any CPU
		{1B455359-FC1E-45BF-9852-027EA6484AC3}.Release|Any CPU.Build.0 = Release|Any CPU
	EndGlobalSection
	GlobalSection(SolutionProperties) = preSolution
		HideSolutionNode = FALSE
	EndGlobalSection
	GlobalSection(ExtensibilityGlobals) = postSolution
		SolutionGuid = {728472F9-0A55-4453-B282-C8465506F61D}
	EndGlobalSection
EndGlobal
